// !$*UTF8*$!
{
	archiveVersion = 1;
	classes = {
	};
	objectVersion = 56;
	objects = {

/* Begin PBXBuildFile section */
		5E59AF422A6703A60003F701 /* SwiftUIAPICallApp.swift in Sources */ = {isa = PBXBuildFile; fileRef = 5E59AF412A6703A60003F701 /* SwiftUIAPICallApp.swift */; };
		5E59AF442A6703A60003F701 /* ContentView.swift in Sources */ = {isa = PBXBuildFile; fileRef = 5E59AF432A6703A60003F701 /* ContentView.swift */; };
		5E59AF462A6703A80003F701 /* Assets.xcassets in Resources */ = {isa = PBXBuildFile; fileRef = 5E59AF452A6703A80003F701 /* Assets.xcassets */; };
		5E59AF492A6703A80003F701 /* Preview Assets.xcassets in Resources */ = {isa = PBXBuildFile; fileRef = 5E59AF482A6703A80003F701 /* Preview Assets.xcassets */; };
		5E59AF502A67052D0003F701 /* ViewModel.swift in Sources */ = {isa = PBXBuildFile; fileRef = 5E59AF4F2A67052D0003F701 /* ViewModel.swift */; };
		5E59AF522A6707110003F701 /* Course.swift in Sources */ = {isa = PBXBuildFile; fileRef = 5E59AF512A6707110003F701 /* Course.swift */; };
		5E59AF542A672B2C0003F701 /* URLImageView.swift in Sources */ = {isa = PBXBuildFile; fileRef = 5E59AF532A672B2C0003F701 /* URLImageView.swift */; };
		5EC40E492A6732D10064A35D /* image001.jpg in Resources */ = {isa = PBXBuildFile; fileRef = 5EC40E482A6732D10064A35D /* image001.jpg */; };
/* End PBXBuildFile section */

/* Begin PBXFileReference section */
		5E59AF3E2A6703A60003F701 /* SwiftUIAPICall.app */ = {isa = PBXFileReference; explicitFileType = wrapper.application; includeInIndex = 0; path = SwiftUIAPICall.app; sourceTree = BUILT_PRODUCTS_DIR; };
		5E59AF412A6703A60003F701 /* SwiftUIAPICallApp.swift */ = {isa = PBXFileReference; lastKnownFileType = sourcecode.swift; path = SwiftUIAPICallApp.swift; sourceTree = "<group>"; };
		5E59AF432A6703A60003F701 /* ContentView.swift */ = {isa = PBXFileReference; lastKnownFileType = sourcecode.swift; path = ContentView.swift; sourceTree = "<group>"; };
		5E59AF452A6703A80003F701 /* Assets.xcassets */ = {isa = PBXFileReference; lastKnownFileType = folder.assetcatalog; path = Assets.xcassets; sourceTree = "<group>"; };
		5E59AF482A6703A80003F701 /* Preview Assets.xcassets */ = {isa = PBXFileReference; lastKnownFileType = folder.assetcatalog; path = "Preview Assets.xcassets"; sourceTree = "<group>"; };
		5E59AF4F2A67052D0003F701 /* ViewModel.swift */ = {isa = PBXFileReference; lastKnownFileType = sourcecode.swift; path = ViewModel.swift; sourceTree = "<group>"; };
		5E59AF512A6707110003F701 /* Course.swift */ = {isa = PBXFileReference; lastKnownFileType = sourcecode.swift; path = Course.swift; sourceTree = "<group>"; };
		5E59AF532A672B2C0003F701 /* URLImageView.swift */ = {isa = PBXFileReference; lastKnownFileType = sourcecode.swift; path = URLImageView.swift; sourceTree = "<group>"; };
		5EC40E482A6732D10064A35D /* image001.jpg */ = {isa = PBXFileReference; lastKnownFileType = image.jpeg; path = image001.jpg; sourceTree = "<group>"; };
		5EC40E4C2A6733D20064A35D /* README.md */ = {isa = PBXFileReference; lastKnownFileType = net.daringfireball.markdown; path = README.md; sourceTree = "<group>"; };
		5EC40E4D2A6733F30064A35D /* License.md */ = {isa = PBXFileReference; lastKnownFileType = net.daringfireball.markdown; path = License.md; sourceTree = "<group>"; };
/* End PBXFileReference section */

/* Begin PBXFrameworksBuildPhase section */
		5E59AF3B2A6703A60003F701 /* Frameworks */ = {
			isa = PBXFrameworksBuildPhase;
			buildActionMask = 2147483647;
			files = (
			);
			runOnlyForDeploymentPostprocessing = 0;
		};
/* End PBXFrameworksBuildPhase section */

/* Begin PBXGroup section */
		5E59AF352A6703A60003F701 = {
			isa = PBXGroup;
			children = (
				5EC40E4D2A6733F30064A35D /* License.md */,
				5EC40E4C2A6733D20064A35D /* README.md */,
				5EC40E472A6732BA0064A35D /* Images */,
				5E59AF402A6703A60003F701 /* SwiftUIAPICall */,
				5E59AF3F2A6703A60003F701 /* Products */,
			);
			sourceTree = "<group>";
		};
		5E59AF3F2A6703A60003F701 /* Products */ = {
			isa = PBXGroup;
			children = (
				5E59AF3E2A6703A60003F701 /* SwiftUIAPICall.app */,
			);
			name = Products;
			sourceTree = "<group>";
		};
		5E59AF402A6703A60003F701 /* SwiftUIAPICall */ = {
			isa = PBXGroup;
			children = (
				5E59AF412A6703A60003F701 /* SwiftUIAPICallApp.swift */,
				5E59AF432A6703A60003F701 /* ContentView.swift */,
				5E59AF4F2A67052D0003F701 /* ViewModel.swift */,
				5E59AF512A6707110003F701 /* Course.swift */,
				5E59AF532A672B2C0003F701 /* URLImageView.swift */,
				5E59AF452A6703A80003F701 /* Assets.xcassets */,
				5E59AF472A6703A80003F701 /* Preview Content */,
			);
			path = SwiftUIAPICall;
			sourceTree = "<group>";
		};
		5E59AF472A6703A80003F701 /* Preview Content */ = {
			isa = PBXGroup;
			children = (
				5E59AF482A6703A80003F701 /* Preview Assets.xcassets */,
			);
			path = "Preview Content";
			sourceTree = "<group>";
		};
		5EC40E472A6732BA0064A35D /* Images */ = {
			isa = PBXGroup;
			children = (
				5EC40E482A6732D10064A35D /* image001.jpg */,
			);
			path = Images;
			sourceTree = "<group>";
		};
/* End PBXGroup section */

/* Begin PBXNativeTarget section */
		5E59AF3D2A6703A60003F701 /* SwiftUIAPICall */ = {
			isa = PBXNativeTarget;
			buildConfigurationList = 5E59AF4C2A6703A80003F701 /* Build configuration list for PBXNativeTarget "SwiftUIAPICall" */;
			buildPhases = (
				5E59AF3A2A6703A60003F701 /* Sources */,
				5E59AF3B2A6703A60003F701 /* Frameworks */,
				5E59AF3C2A6703A60003F701 /* Resources */,
			);
			buildRules = (
			);
			dependencies = (
			);
			name = SwiftUIAPICall;
			productName = SwiftUIAPICall;
			productReference = 5E59AF3E2A6703A60003F701 /* SwiftUIAPICall.app */;
			productType = "com.apple.product-type.application";
		};
/* End PBXNativeTarget section */

/* Begin PBXProject section */
		5E59AF362A6703A60003F701 /* Project object */ = {
			isa = PBXProject;
			attributes = {
				BuildIndependentTargetsInParallel = 1;
				LastSwiftUpdateCheck = 1430;
				LastUpgradeCheck = 1430;
				TargetAttributes = {
					5E59AF3D2A6703A60003F701 = {
						CreatedOnToolsVersion = 14.3;
					};
				};
			};
			buildConfigurationList = 5E59AF392A6703A60003F701 /* Build configuration list for PBXProject "SwiftUIAPICall" */;
			compatibilityVersion = "Xcode 14.0";
			developmentRegion = en;
			hasScannedForEncodings = 0;
			knownRegions = (
				en,
				Base,
			);
			mainGroup = 5E59AF352A6703A60003F701;
			productRefGroup = 5E59AF3F2A6703A60003F701 /* Products */;
			projectDirPath = "";
			projectRoot = "";
			targets = (
				5E59AF3D2A6703A60003F701 /* SwiftUIAPICall */,
			);
		};
/* End PBXProject section */

/* Begin PBXResourcesBuildPhase section */
		5E59AF3C2A6703A60003F701 /* Resources */ = {
			isa = PBXResourcesBuildPhase;
			buildActionMask = 2147483647;
			files = (
				5E59AF492A6703A80003F701 /* Preview Assets.xcassets in Resources */,
				5E59AF462A6703A80003F701 /* Assets.xcassets in Resources */,
				5EC40E492A6732D10064A35D /* image001.jpg in Resources */,
			);
			runOnlyForDeploymentPostprocessing = 0;
		};
/* End PBXResourcesBuildPhase section */

/* Begin PBXSourcesBuildPhase section */
		5E59AF3A2A6703A60003F701 /* Sources */ = {
			isa = PBXSourcesBuildPhase;
			buildActionMask = 2147483647;
			files = (
				5E59AF522A6707110003F701 /* Course.swift in Sources */,
				5E59AF442A6703A60003F701 /* ContentView.swift in Sources */,
				5E59AF502A67052D0003F701 /* ViewModel.swift in Sources */,
				5E59AF542A672B2C0003F701 /* URLImageView.swift in Sources */,
				5E59AF422A6703A60003F701 /* SwiftUIAPICallApp.swift in Sources */,
			);
			runOnlyForDeploymentPostprocessing = 0;
		};
/* End PBXSourcesBuildPhase section */

/* Begin XCBuildConfiguration section */
		5E59AF4A2A6703A80003F701 /* Debug */ = {
			isa = XCBuildConfiguration;
			buildSettings = {
				ALWAYS_SEARCH_USER_PATHS = NO;
				CLANG_ANALYZER_NONNULL = YES;
				CLANG_ANALYZER_NUMBER_OBJECT_CONVERSION = YES_AGGRESSIVE;
				CLANG_CXX_LANGUAGE_STANDARD = "gnu++20";
				CLANG_ENABLE_MODULES = YES;
				CLANG_ENABLE_OBJC_ARC = YES;
				CLANG_ENABLE_OBJC_WEAK = YES;
				CLANG_WARN_BLOCK_CAPTURE_AUTORELEASING = YES;
				CLANG_WARN_BOOL_CONVERSION = YES;
				CLANG_WARN_COMMA = YES;
				CLANG_WARN_CONSTANT_CONVERSION = YES;
				CLANG_WARN_DEPRECATED_OBJC_IMPLEMENTATIONS = YES;
				CLANG_WARN_DIRECT_OBJC_ISA_USAGE = YES_ERROR;
				CLANG_WARN_DOCUMENTATION_COMMENTS = YES;
				CLANG_WARN_EMPTY_BODY = YES;
				CLANG_WARN_ENUM_CONVERSION = YES;
				CLANG_WARN_INFINITE_RECURSION = YES;
				CLANG_WARN_INT_CONVERSION = YES;
				CLANG_WARN_NON_LITERAL_NULL_CONVERSION = YES;
				CLANG_WARN_OBJC_IMPLICIT_RETAIN_SELF = YES;
				CLANG_WARN_OBJC_LITERAL_CONVERSION = YES;
				CLANG_WARN_OBJC_ROOT_CLASS = YES_ERROR;
				CLANG_WARN_QUOTED_INCLUDE_IN_FRAMEWORK_HEADER = YES;
				CLANG_WARN_RANGE_LOOP_ANALYSIS = YES;
				CLANG_WARN_STRICT_PROTOTYPES = YES;
				CLANG_WARN_SUSPICIOUS_MOVE = YES;
				CLANG_WARN_UNGUARDED_AVAILABILITY = YES_AGGRESSIVE;
				CLANG_WARN_UNREACHABLE_CODE = YES;
				CLANG_WARN__DUPLICATE_METHOD_MATCH = YES;
				COPY_PHASE_STRIP = NO;
				DEBUG_INFORMATION_FORMAT = dwarf;
				ENABLE_STRICT_OBJC_MSGSEND = YES;
				ENABLE_TESTABILITY = YES;
				GCC_C_LANGUAGE_STANDARD = gnu11;
				GCC_DYNAMIC_NO_PIC = NO;
				GCC_NO_COMMON_BLOCKS = YES;
				GCC_OPTIMIZATION_LEVEL = 0;
				GCC_PREPROCESSOR_DEFINITIONS = (
					"DEBUG=1",
					"$(inherited)",
				);
				GCC_WARN_64_TO_32_BIT_CONVERSION = YES;
				GCC_WARN_ABOUT_RETURN_TYPE = YES_ERROR;
				GCC_WARN_UNDECLARED_SELECTOR = YES;
				GCC_WARN_UNINITIALIZED_AUTOS = YES_AGGRESSIVE;
				GCC_WARN_UNUSED_FUNCTION = YES;
				GCC_WARN_UNUSED_VARIABLE = YES;
				IPHONEOS_DEPLOYMENT_TARGET = 16.4;
				MTL_ENABLE_DEBUG_INFO = INCLUDE_SOURCE;
				MTL_FAST_MATH = YES;
				ONLY_ACTIVE_ARCH = YES;
				SDKROOT = iphoneos;
				SWIFT_ACTIVE_COMPILATION_CONDITIONS = DEBUG;
				SWIFT_OPTIMIZATION_LEVEL = "-Onone";
			};
			name = Debug;
		};
		5E59AF4B2A6703A80003F701 /* Release */ = {
			isa = XCBuildConfiguration;
			buildSettings = {
				ALWAYS_SEARCH_USER_PATHS = NO;
				CLANG_ANALYZER_NONNULL = YES;
				CLANG_ANALYZER_NUMBER_OBJECT_CONVERSION = YES_AGGRESSIVE;
				CLANG_CXX_LANGUAGE_STANDARD = "gnu++20";
				CLANG_ENABLE_MODULES = YES;
				CLANG_ENABLE_OBJC_ARC = YES;
				CLANG_ENABLE_OBJC_WEAK = YES;
				CLANG_WARN_BLOCK_CAPTURE_AUTORELEASING = YES;
				CLANG_WARN_BOOL_CONVERSION = YES;
				CLANG_WARN_COMMA = YES;
				CLANG_WARN_CONSTANT_CONVERSION = YES;
				CLANG_WARN_DEPRECATED_OBJC_IMPLEMENTATIONS = YES;
				CLANG_WARN_DIRECT_OBJC_ISA_USAGE = YES_ERROR;
				CLANG_WARN_DOCUMENTATION_COMMENTS = YES;
				CLANG_WARN_EMPTY_BODY = YES;
				CLANG_WARN_ENUM_CONVERSION = YES;
				CLANG_WARN_INFINITE_RECURSION = YES;
				CLANG_WARN_INT_CONVERSION = YES;
				CLANG_WARN_NON_LITERAL_NULL_CONVERSION = YES;
				CLANG_WARN_OBJC_IMPLICIT_RETAIN_SELF = YES;
				CLANG_WARN_OBJC_LITERAL_CONVERSION = YES;
				CLANG_WARN_OBJC_ROOT_CLASS = YES_ERROR;
				CLANG_WARN_QUOTED_INCLUDE_IN_FRAMEWORK_HEADER = YES;
				CLANG_WARN_RANGE_LOOP_ANALYSIS = YES;
				CLANG_WARN_STRICT_PROTOTYPES = YES;
				CLANG_WARN_SUSPICIOUS_MOVE = YES;
				CLANG_WARN_UNGUARDED_AVAILABILITY = YES_AGGRESSIVE;
				CLANG_WARN_UNREACHABLE_CODE = YES;
				CLANG_WARN__DUPLICATE_METHOD_MATCH = YES;
				COPY_PHASE_STRIP = NO;
				DEBUG_INFORMATION_FORMAT = "dwarf-with-dsym";
				ENABLE_NS_ASSERTIONS = NO;
				ENABLE_STRICT_OBJC_MSGSEND = YES;
				GCC_C_LANGUAGE_STANDARD = gnu11;
				GCC_NO_COMMON_BLOCKS = YES;
				GCC_WARN_64_TO_32_BIT_CONVERSION = YES;
				GCC_WARN_ABOUT_RETURN_TYPE = YES_ERROR;
				GCC_WARN_UNDECLARED_SELECTOR = YES;
				GCC_WARN_UNINITIALIZED_AUTOS = YES_AGGRESSIVE;
				GCC_WARN_UNUSED_FUNCTION = YES;
				GCC_WARN_UNUSED_VARIABLE = YES;
				IPHONEOS_DEPLOYMENT_TARGET = 16.4;
				MTL_ENABLE_DEBUG_INFO = NO;
				MTL_FAST_MATH = YES;
				SDKROOT = iphoneos;
				SWIFT_COMPILATION_MODE = wholemodule;
				SWIFT_OPTIMIZATION_LEVEL = "-O";
				VALIDATE_PRODUCT = YES;
			};
			name = Release;
		};
		5E59AF4D2A6703A80003F701 /* Debug */ = {
			isa = XCBuildConfiguration;
			buildSettings = {
				ASSETCATALOG_COMPILER_APPICON_NAME = AppIcon;
				ASSETCATALOG_COMPILER_GLOBAL_ACCENT_COLOR_NAME = AccentColor;
				CODE_SIGN_STYLE = Automatic;
				CURRENT_PROJECT_VERSION = 1;
				DEVELOPMENT_ASSET_PATHS = "\"SwiftUIAPICall/Preview Content\"";
				DEVELOPMENT_TEAM = LGVM9RAH4N;
				ENABLE_PREVIEWS = YES;
				GENERATE_INFOPLIST_FILE = YES;
				INFOPLIST_KEY_UIApplicationSceneManifest_Generation = YES;
				INFOPLIST_KEY_UIApplicationSupportsIndirectInputEvents = YES;
				INFOPLIST_KEY_UILaunchScreen_Generation = YES;
				INFOPLIST_KEY_UISupportedInterfaceOrientations_iPad = "UIInterfaceOrientationPortrait UIInterfaceOrientationPortraitUpsideDown UIInterfaceOrientationLandscapeLeft UIInterfaceOrientationLandscapeRight";
				INFOPLIST_KEY_UISupportedInterfaceOrientations_iPhone = "UIInterfaceOrientationPortrait UIInterfaceOrientationLandscapeLeft UIInterfaceOrientationLandscapeRight";
				LD_RUNPATH_SEARCH_PATHS = (
					"$(inherited)",
					"@executable_path/Frameworks",
				);
				MARKETING_VERSION = 1.0;
				PRODUCT_BUNDLE_IDENTIFIER = com.lgreydev.SwiftUIAPICall;
				PRODUCT_NAME = "$(TARGET_NAME)";
				SWIFT_EMIT_LOC_STRINGS = YES;
				SWIFT_VERSION = 5.0;
				TARGETED_DEVICE_FAMILY = "1,2";
			};
			name = Debug;
		};
		5E59AF4E2A6703A80003F701 /* Release */ = {
			isa = XCBuildConfiguration;
			buildSettings = {
				ASSETCATALOG_COMPILER_APPICON_NAME = AppIcon;
				ASSETCATALOG_COMPILER_GLOBAL_ACCENT_COLOR_NAME = AccentColor;
				CODE_SIGN_STYLE = Automatic;
				CURRENT_PROJECT_VERSION = 1;
				DEVELOPMENT_ASSET_PATHS = "\"SwiftUIAPICall/Preview Content\"";
				DEVELOPMENT_TEAM = LGVM9RAH4N;
				ENABLE_PREVIEWS = YES;
				GENERATE_INFOPLIST_FILE = YES;
				INFOPLIST_KEY_UIApplicationSceneManifest_Generation = YES;
				INFOPLIST_KEY_UIApplicationSupportsIndirectInputEvents = YES;
				INFOPLIST_KEY_UILaunchScreen_Generation = YES;
				INFOPLIST_KEY_UISupportedInterfaceOrientations_iPad = "UIInterfaceOrientationPortrait UIInterfaceOrientationPortraitUpsideDown UIInterfaceOrientationLandscapeLeft UIInterfaceOrientationLandscapeRight";
				INFOPLIST_KEY_UISupportedInterfaceOrientations_iPhone = "UIInterfaceOrientationPortrait UIInterfaceOrientationLandscapeLeft UIInterfaceOrientationLandscapeRight";
				LD_RUNPATH_SEARCH_PATHS = (
					"$(inherited)",
					"@executable_path/Frameworks",
				);
				MARKETING_VERSION = 1.0;
				PRODUCT_BUNDLE_IDENTIFIER = com.lgreydev.SwiftUIAPICall;
				PRODUCT_NAME = "$(TARGET_NAME)";
				SWIFT_EMIT_LOC_STRINGS = YES;
				SWIFT_VERSION = 5.0;
				TARGETED_DEVICE_FAMILY = "1,2";
			};
			name = Release;
		};
/* End XCBuildConfiguration section */

/* Begin XCConfigurationList section */
		5E59AF392A6703A60003F701 /* Build configuration list for PBXProject "SwiftUIAPICall" */ = {
			isa = XCConfigurationList;
			buildConfigurations = (
				5E59AF4A2A6703A80003F701 /* Debug */,
				5E59AF4B2A6703A80003F701 /* Release */,
			);
			defaultConfigurationIsVisible = 0;
			defaultConfigurationName = Release;
		};
		5E59AF4C2A6703A80003F701 /* Build configuration list for PBXNativeTarget "SwiftUIAPICall" */ = {
			isa = XCConfigurationList;
			buildConfigurations = (
				5E59AF4D2A6703A80003F701 /* Debug */,
				5E59AF4E2A6703A80003F701 /* Release */,
			);
			defaultConfigurationIsVisible = 0;
			defaultConfigurationName = Release;
		};
/* End XCConfigurationList section */
	};
	rootObject = 5E59AF362A6703A60003F701 /* Project object */;
}
